PODS:
  - ContentSizeView (1.0.0)
  - SnapKit (5.6.0)
  - Util_V (1.0.3)
  - VAlert (1.0.0):
    - ContentSizeView
    - SnapKit
    - Util_V

DEPENDENCIES:
  - ContentSizeView
  - SnapKit
  - Util_V
  - VAlert (from `../`)

SPEC REPOS:
  trunk:
    - ContentSizeView
    - SnapKit
    - Util_V

EXTERNAL SOURCES:
  VAlert:
    :path: "../"

SPEC CHECKSUMS:
  ContentSizeView: 896bb73e95d6816b7b5b2777d1242173b7355c5e
  SnapKit: e01d52ebb8ddbc333eefe2132acf85c8227d9c25
  Util_V: 0b95e1945348b0c0c8364a1cdaca71cde8a91eb7
  VAlert: bf5c218c4ca55c9d441cf550584e900756174064

PODFILE CHECKSUM: a265b0193601c3188d1580c812666792bdc6c1b1

COCOAPODS: 1.12.0
