PODS:
  - ContentSizeView (1.0.0)
  - LookinServer (1.1.5):
    - LookinServer/Core (= 1.1.5)
  - LookinServer/Core (1.1.5)
  - SnapKit (5.6.0)
  - Util_V (1.0.3)
  - VAlert (1.0.1):
    - ContentSizeView
    - SnapKit
    - Util_V

DEPENDENCIES:
  - ContentSizeView
  - LookinServer
  - SnapKit
  - Util_V
  - VAlert (from `../`)

SPEC REPOS:
  trunk:
    - ContentSizeView
    - LookinServer
    - SnapKit
    - Util_V

EXTERNAL SOURCES:
  VAlert:
    :path: "../"

SPEC CHECKSUMS:
  ContentSizeView: 896bb73e95d6816b7b5b2777d1242173b7355c5e
  LookinServer: 2893f2bae53cbf3fd49bbe1a8ea1745582ef1317
  SnapKit: e01d52ebb8ddbc333eefe2132acf85c8227d9c25
  Util_V: 0b95e1945348b0c0c8364a1cdaca71cde8a91eb7
  VAlert: 6b2bc325ea30293c749eb1fa80fd044f064734ee

PODFILE CHECKSUM: b3d577f104721922c6a446218ad6d8b47edb0d3b

COCOAPODS: 1.12.0
